
Microsoft Visual Studio Solution File, Format Version 12.00
# Visual Studio 15
VisualStudioVersion = 15.0.28307.852
MinimumVisualStudioVersion = 10.0.40219.1
Project("{FAE04EC0-301F-11D3-BF4B-00C04F79EFBC}") = "SampleAzureWebApp", "SampleAzureWebApp\SampleAzureWebApp.csproj", "{434F2D6B-D701-4B00-8C2D-75B8127EF385}"
EndProject
Global
	GlobalSection(SolutionConfigurationPlatforms) = preSolution
		Debug|Any CPU = Debug|Any CPU
		Release|Any CPU = Release|Any CPU
	EndGlobalSection
	GlobalSection(ProjectConfigurationPlatforms) = postSolution
		{434F2D6B-D701-4B00-8C2D-75B8127EF385}.Debug|Any CPU.ActiveCfg = Debug|Any CPU
		{434F2D6B-D701-4B00-8C2D-75B8127EF385}.Debug|Any CPU.Build.0 = Debug|Any CPU
		{434F2D6B-D701-4B00-8C2D-75B8127EF385}.Release|Any CPU.ActiveCfg = Release|Any CPU
		{434F2D6B-D701-4B00-8C2D-75B8127EF385}.Release|Any CPU.Build.0 = Release|Any CPU
	EndGlobalSection
	GlobalSection(SolutionProperties) = preSolution
		HideSolutionNode = FALSE
	EndGlobalSection
	GlobalSection(ExtensibilityGlobals) = postSolution
		SolutionGuid = {D5EDB93A-531A-4597-8439-FF6811BF96B7}
	EndGlobalSection
EndGlobal
